
Microsoft Visual Studio Solution File, Format Version 12.00
# Visual Studio Version 16
VisualStudioVersion = 16.0.31515.178
MinimumVisualStudioVersion = 10.0.40219.1
Project("{FAE04EC0-301F-11D3-BF4B-00C04F79EFBC}") = "EvedanceM9", "EvedanceM9\EvedanceM9.csproj", "{37B9435E-BB83-4C7E-9890-A84489204DBC}"
EndProject
Global
	GlobalSection(SolutionConfigurationPlatforms) = preSolution
		Debug|Any CPU = Debug|Any CPU
		Release|Any CPU = Release|Any CPU
	EndGlobalSection
	GlobalSection(ProjectConfigurationPlatforms) = postSolution
		{37B9435E-BB83-4C7E-9890-A84489204DBC}.Debug|Any CPU.ActiveCfg = Debug|Any CPU
		{37B9435E-BB83-4C7E-9890-A84489204DBC}.Debug|Any CPU.Build.0 = Debug|Any CPU
		{37B9435E-BB83-4C7E-9890-A84489204DBC}.Release|Any CPU.ActiveCfg = Release|Any CPU
		{37B9435E-BB83-4C7E-9890-A84489204DBC}.Release|Any CPU.Build.0 = Release|Any CPU
	EndGlobalSection
	GlobalSection(SolutionProperties) = preSolution
		HideSolutionNode = FALSE
	EndGlobalSection
	GlobalSection(ExtensibilityGlobals) = postSolution
		SolutionGuid = {69E7E695-EF01-49C6-8629-2D6DA4F6BD3E}
	EndGlobalSection
EndGlobal
